{"filter":false,"title":"Gemfile.lock","tooltip":"/Gemfile.lock","undoManager":{"mark":-1,"position":-1,"stack":[]},"ace":{"folds":[],"scrolltop":2850,"scrollleft":0,"selection":{"start":{"row":280,"column":9},"end":{"row":280,"column":9},"isBackwards":false},"options":{"guessTabSize":true,"useWrapMode":false,"wrapToView":true},"firstLineState":{"row":202,"state":"start","mode":"ace/mode/text"}},"timestamp":1628225211770,"hash":"1bb7aaa2cde70b4020f7085c32991131e84c3679"}